
Microsoft Visual Studio Solution File, Format Version 12.00
# Visual Studio Version 17
VisualStudioVersion = 17.1.32210.238
MinimumVisualStudioVersion = 10.0.40219.1
Project("{2150E333-8FDC-42A3-9474-1A3956D46DE8}") = "src", "src", "{BA3C042B-5770-4109-957D-B45805A54A70}"
EndProject
Project("{2150E333-8FDC-42A3-9474-1A3956D46DE8}") = "API", "API", "{BF1602E2-2F75-4718-B9EB-6E212284AA01}"
EndProject
Project("{2150E333-8FDC-42A3-9474-1A3956D46DE8}") = "Infrastracture", "Infrastracture", "{55AA19BE-DFAC-4FDF-9D35-6D1BB04EA282}"
EndProject
Project("{2150E333-8FDC-42A3-9474-1A3956D46DE8}") = "UI", "UI", "{C51B1AB3-DBB1-4A8E-BD5F-524F8A6A4E70}"
EndProject
Project("{2150E333-8FDC-42A3-9474-1A3956D46DE8}") = "Core", "Core", "{C2BDAB7F-8F55-4251-9D3E-AE4E1A78978C}"
EndProject
Project("{2150E333-8FDC-42A3-9474-1A3956D46DE8}") = "Test", "Test", "{4400E364-1DF4-4579-AF91-5FA6F081D4BB}"
EndProject
Project("{2150E333-8FDC-42A3-9474-1A3956D46DE8}") = "Infrastructure", "Infrastructure", "{53887421-FFE5-4D7F-A02C-97313FF1CCEE}"
EndProject
Project("{9A19103F-16F7-4668-BE54-9A1E7A4F7556}") = "HRLeaveManagement.Persistence", "HRLeaveManagement.Persistence\HRLeaveManagement.Persistence.csproj", "{6B0F4B11-338C-456B-8573-98FEEF4FFF9C}"
EndProject
Project("{9A19103F-16F7-4668-BE54-9A1E7A4F7556}") = "HRLeaveManagement.Infrastructure", "HRLeaveManagement.Infrastructure\HRLeaveManagement.Infrastructure.csproj", "{278DD094-80BF-4E92-838F-939CA1AE39F8}"
EndProject
Project("{FAE04EC0-301F-11D3-BF4B-00C04F79EFBC}") = "HRLeaveManagement.Application", "HRLeaveManagement.Applicationn\HRLeaveManagement.Application.csproj", "{A7EA857D-8DAA-45C9-9510-ACAAE6A5CC52}"
EndProject
Project("{FAE04EC0-301F-11D3-BF4B-00C04F79EFBC}") = "HRLeaveManagement.Domain", "HRLeaveManagement.Domainy\HRLeaveManagement.Domain.csproj", "{07A44D82-9560-4131-BA43-35D30B28113E}"
EndProject
Global
	GlobalSection(SolutionConfigurationPlatforms) = preSolution
		Debug|Any CPU = Debug|Any CPU
		Release|Any CPU = Release|Any CPU
	EndGlobalSection
	GlobalSection(ProjectConfigurationPlatforms) = postSolution
		{6B0F4B11-338C-456B-8573-98FEEF4FFF9C}.Debug|Any CPU.ActiveCfg = Debug|Any CPU
		{6B0F4B11-338C-456B-8573-98FEEF4FFF9C}.Debug|Any CPU.Build.0 = Debug|Any CPU
		{6B0F4B11-338C-456B-8573-98FEEF4FFF9C}.Release|Any CPU.ActiveCfg = Release|Any CPU
		{6B0F4B11-338C-456B-8573-98FEEF4FFF9C}.Release|Any CPU.Build.0 = Release|Any CPU
		{278DD094-80BF-4E92-838F-939CA1AE39F8}.Debug|Any CPU.ActiveCfg = Debug|Any CPU
		{278DD094-80BF-4E92-838F-939CA1AE39F8}.Debug|Any CPU.Build.0 = Debug|Any CPU
		{278DD094-80BF-4E92-838F-939CA1AE39F8}.Release|Any CPU.ActiveCfg = Release|Any CPU
		{278DD094-80BF-4E92-838F-939CA1AE39F8}.Release|Any CPU.Build.0 = Release|Any CPU
		{A7EA857D-8DAA-45C9-9510-ACAAE6A5CC52}.Debug|Any CPU.ActiveCfg = Debug|Any CPU
		{A7EA857D-8DAA-45C9-9510-ACAAE6A5CC52}.Debug|Any CPU.Build.0 = Debug|Any CPU
		{A7EA857D-8DAA-45C9-9510-ACAAE6A5CC52}.Release|Any CPU.ActiveCfg = Release|Any CPU
		{A7EA857D-8DAA-45C9-9510-ACAAE6A5CC52}.Release|Any CPU.Build.0 = Release|Any CPU
		{07A44D82-9560-4131-BA43-35D30B28113E}.Debug|Any CPU.ActiveCfg = Debug|Any CPU
		{07A44D82-9560-4131-BA43-35D30B28113E}.Debug|Any CPU.Build.0 = Debug|Any CPU
		{07A44D82-9560-4131-BA43-35D30B28113E}.Release|Any CPU.ActiveCfg = Release|Any CPU
		{07A44D82-9560-4131-BA43-35D30B28113E}.Release|Any CPU.Build.0 = Release|Any CPU
	EndGlobalSection
	GlobalSection(SolutionProperties) = preSolution
		HideSolutionNode = FALSE
	EndGlobalSection
	GlobalSection(NestedProjects) = preSolution
		{BF1602E2-2F75-4718-B9EB-6E212284AA01} = {BA3C042B-5770-4109-957D-B45805A54A70}
		{55AA19BE-DFAC-4FDF-9D35-6D1BB04EA282} = {BA3C042B-5770-4109-957D-B45805A54A70}
		{C51B1AB3-DBB1-4A8E-BD5F-524F8A6A4E70} = {BA3C042B-5770-4109-957D-B45805A54A70}
		{C2BDAB7F-8F55-4251-9D3E-AE4E1A78978C} = {BA3C042B-5770-4109-957D-B45805A54A70}
		{53887421-FFE5-4D7F-A02C-97313FF1CCEE} = {BA3C042B-5770-4109-957D-B45805A54A70}
		{6B0F4B11-338C-456B-8573-98FEEF4FFF9C} = {53887421-FFE5-4D7F-A02C-97313FF1CCEE}
		{278DD094-80BF-4E92-838F-939CA1AE39F8} = {53887421-FFE5-4D7F-A02C-97313FF1CCEE}
		{A7EA857D-8DAA-45C9-9510-ACAAE6A5CC52} = {C2BDAB7F-8F55-4251-9D3E-AE4E1A78978C}
		{07A44D82-9560-4131-BA43-35D30B28113E} = {C2BDAB7F-8F55-4251-9D3E-AE4E1A78978C}
	EndGlobalSection
	GlobalSection(ExtensibilityGlobals) = postSolution
		SolutionGuid = {715BB187-FBBF-48CE-A3B9-6CFA5DBD7C05}
	EndGlobalSection
EndGlobal
